
Microsoft Visual Studio Solution File, Format Version 12.00
# Visual Studio 2013
VisualStudioVersion = 12.0.31101.0
MinimumVisualStudioVersion = 10.0.40219.1
Project("{FAE04EC0-301F-11D3-BF4B-00C04F79EFBC}") = "HelloCSharp", "HelloCSharp\HelloCSharp.csproj", "{4D407BF9-C40E-4C9B-93D7-E11670C0BB24}"
EndProject
Global
	GlobalSection(SolutionConfigurationPlatforms) = preSolution
		Debug|Any CPU = Debug|Any CPU
		Release|Any CPU = Release|Any CPU
	EndGlobalSection
	GlobalSection(ProjectConfigurationPlatforms) = postSolution
		{4D407BF9-C40E-4C9B-93D7-E11670C0BB24}.Debug|Any CPU.ActiveCfg = Debug|Any CPU
		{4D407BF9-C40E-4C9B-93D7-E11670C0BB24}.Debug|Any CPU.Build.0 = Debug|Any CPU
		{4D407BF9-C40E-4C9B-93D7-E11670C0BB24}.Release|Any CPU.ActiveCfg = Release|Any CPU
		{4D407BF9-C40E-4C9B-93D7-E11670C0BB24}.Release|Any CPU.Build.0 = Release|Any CPU
	EndGlobalSection
	GlobalSection(SolutionProperties) = preSolution
		HideSolutionNode = FALSE
	EndGlobalSection
EndGlobal
