
Microsoft Visual Studio Solution File, Format Version 12.00
# Visual Studio 2013
VisualStudioVersion = 12.0.31101.0
MinimumVisualStudioVersion = 10.0.40219.1
Project("{FAE04EC0-301F-11D3-BF4B-00C04F79EFBC}") = "Problem7_Print_first_and_last_name", "Problem7_Print_first_and_last_name\Problem7_Print_first_and_last_name.csproj", "{1F3C4BF7-C10B-49A6-B926-69FC5BAB1D1C}"
EndProject
Global
	GlobalSection(SolutionConfigurationPlatforms) = preSolution
		Debug|Any CPU = Debug|Any CPU
		Release|Any CPU = Release|Any CPU
	EndGlobalSection
	GlobalSection(ProjectConfigurationPlatforms) = postSolution
		{1F3C4BF7-C10B-49A6-B926-69FC5BAB1D1C}.Debug|Any CPU.ActiveCfg = Debug|Any CPU
		{1F3C4BF7-C10B-49A6-B926-69FC5BAB1D1C}.Debug|Any CPU.Build.0 = Debug|Any CPU
		{1F3C4BF7-C10B-49A6-B926-69FC5BAB1D1C}.Release|Any CPU.ActiveCfg = Release|Any CPU
		{1F3C4BF7-C10B-49A6-B926-69FC5BAB1D1C}.Release|Any CPU.Build.0 = Release|Any CPU
	EndGlobalSection
	GlobalSection(SolutionProperties) = preSolution
		HideSolutionNode = FALSE
	EndGlobalSection
EndGlobal
