
Microsoft Visual Studio Solution File, Format Version 12.00
# Visual Studio 2013
VisualStudioVersion = 12.0.31101.0
MinimumVisualStudioVersion = 10.0.40219.1
Project("{FAE04EC0-301F-11D3-BF4B-00C04F79EFBC}") = "Problems1to4", "Defining Classes - Part 2\Problems1to4.csproj", "{7FAA6940-4990-4D90-A349-0E439B8FBBB0}"
EndProject
Project("{FAE04EC0-301F-11D3-BF4B-00C04F79EFBC}") = "Problems5to7", "Problems5to7\Problems5to7.csproj", "{2FA287A5-5D0B-49EC-BAC6-8A65A0431577}"
EndProject
Project("{FAE04EC0-301F-11D3-BF4B-00C04F79EFBC}") = "Problems8to10", "Problems8to10\Problems8to10.csproj", "{FA33DE96-4BF8-4B51-8452-52FDDE3E3EB7}"
EndProject
Project("{FAE04EC0-301F-11D3-BF4B-00C04F79EFBC}") = "Problem11", "Problem11\Problem11.csproj", "{B4C1BCCB-609B-4820-A7DE-095EA9BBB23C}"
EndProject
Global
	GlobalSection(SolutionConfigurationPlatforms) = preSolution
		Debug|Any CPU = Debug|Any CPU
		Release|Any CPU = Release|Any CPU
	EndGlobalSection
	GlobalSection(ProjectConfigurationPlatforms) = postSolution
		{7FAA6940-4990-4D90-A349-0E439B8FBBB0}.Debug|Any CPU.ActiveCfg = Debug|Any CPU
		{7FAA6940-4990-4D90-A349-0E439B8FBBB0}.Debug|Any CPU.Build.0 = Debug|Any CPU
		{7FAA6940-4990-4D90-A349-0E439B8FBBB0}.Release|Any CPU.ActiveCfg = Release|Any CPU
		{7FAA6940-4990-4D90-A349-0E439B8FBBB0}.Release|Any CPU.Build.0 = Release|Any CPU
		{2FA287A5-5D0B-49EC-BAC6-8A65A0431577}.Debug|Any CPU.ActiveCfg = Debug|Any CPU
		{2FA287A5-5D0B-49EC-BAC6-8A65A0431577}.Debug|Any CPU.Build.0 = Debug|Any CPU
		{2FA287A5-5D0B-49EC-BAC6-8A65A0431577}.Release|Any CPU.ActiveCfg = Release|Any CPU
		{2FA287A5-5D0B-49EC-BAC6-8A65A0431577}.Release|Any CPU.Build.0 = Release|Any CPU
		{FA33DE96-4BF8-4B51-8452-52FDDE3E3EB7}.Debug|Any CPU.ActiveCfg = Debug|Any CPU
		{FA33DE96-4BF8-4B51-8452-52FDDE3E3EB7}.Debug|Any CPU.Build.0 = Debug|Any CPU
		{FA33DE96-4BF8-4B51-8452-52FDDE3E3EB7}.Release|Any CPU.ActiveCfg = Release|Any CPU
		{FA33DE96-4BF8-4B51-8452-52FDDE3E3EB7}.Release|Any CPU.Build.0 = Release|Any CPU
		{B4C1BCCB-609B-4820-A7DE-095EA9BBB23C}.Debug|Any CPU.ActiveCfg = Debug|Any CPU
		{B4C1BCCB-609B-4820-A7DE-095EA9BBB23C}.Debug|Any CPU.Build.0 = Debug|Any CPU
		{B4C1BCCB-609B-4820-A7DE-095EA9BBB23C}.Release|Any CPU.ActiveCfg = Release|Any CPU
		{B4C1BCCB-609B-4820-A7DE-095EA9BBB23C}.Release|Any CPU.Build.0 = Release|Any CPU
	EndGlobalSection
	GlobalSection(SolutionProperties) = preSolution
		HideSolutionNode = FALSE
	EndGlobalSection
EndGlobal
