
Microsoft Visual Studio Solution File, Format Version 12.00
# Visual Studio 2013
VisualStudioVersion = 12.0.40629.0
MinimumVisualStudioVersion = 10.0.40219.1
Project("{FAE04EC0-301F-11D3-BF4B-00C04F79EFBC}") = "CatalogueManipulations", "XML Processing\CatalogueManipulations.csproj", "{543E229B-EB50-4152-AD28-A583FA818899}"
EndProject
Project("{FAE04EC0-301F-11D3-BF4B-00C04F79EFBC}") = "FileManipulations", "FileManipulations\FileManipulations.csproj", "{2575123A-0A33-482B-BDAA-FAF881B80F1F}"
EndProject
Global
	GlobalSection(SolutionConfigurationPlatforms) = preSolution
		Debug|Any CPU = Debug|Any CPU
		Release|Any CPU = Release|Any CPU
	EndGlobalSection
	GlobalSection(ProjectConfigurationPlatforms) = postSolution
		{543E229B-EB50-4152-AD28-A583FA818899}.Debug|Any CPU.ActiveCfg = Debug|Any CPU
		{543E229B-EB50-4152-AD28-A583FA818899}.Debug|Any CPU.Build.0 = Debug|Any CPU
		{543E229B-EB50-4152-AD28-A583FA818899}.Release|Any CPU.ActiveCfg = Release|Any CPU
		{543E229B-EB50-4152-AD28-A583FA818899}.Release|Any CPU.Build.0 = Release|Any CPU
		{2575123A-0A33-482B-BDAA-FAF881B80F1F}.Debug|Any CPU.ActiveCfg = Debug|Any CPU
		{2575123A-0A33-482B-BDAA-FAF881B80F1F}.Debug|Any CPU.Build.0 = Debug|Any CPU
		{2575123A-0A33-482B-BDAA-FAF881B80F1F}.Release|Any CPU.ActiveCfg = Release|Any CPU
		{2575123A-0A33-482B-BDAA-FAF881B80F1F}.Release|Any CPU.Build.0 = Release|Any CPU
	EndGlobalSection
	GlobalSection(SolutionProperties) = preSolution
		HideSolutionNode = FALSE
	EndGlobalSection
EndGlobal
