
Microsoft Visual Studio Solution File, Format Version 12.00
# Visual Studio 2013
VisualStudioVersion = 12.0.31101.0
MinimumVisualStudioVersion = 10.0.40219.1
Project("{FAE04EC0-301F-11D3-BF4B-00C04F79EFBC}") = "Problem16_Print_a_long_sequence", "Problem16_Print_a_long_sequence\Problem16_Print_a_long_sequence.csproj", "{C521FFF8-98CF-4842-A863-DE32B00AFE1A}"
EndProject
Global
	GlobalSection(SolutionConfigurationPlatforms) = preSolution
		Debug|Any CPU = Debug|Any CPU
		Release|Any CPU = Release|Any CPU
	EndGlobalSection
	GlobalSection(ProjectConfigurationPlatforms) = postSolution
		{C521FFF8-98CF-4842-A863-DE32B00AFE1A}.Debug|Any CPU.ActiveCfg = Debug|Any CPU
		{C521FFF8-98CF-4842-A863-DE32B00AFE1A}.Debug|Any CPU.Build.0 = Debug|Any CPU
		{C521FFF8-98CF-4842-A863-DE32B00AFE1A}.Release|Any CPU.ActiveCfg = Release|Any CPU
		{C521FFF8-98CF-4842-A863-DE32B00AFE1A}.Release|Any CPU.Build.0 = Release|Any CPU
	EndGlobalSection
	GlobalSection(SolutionProperties) = preSolution
		HideSolutionNode = FALSE
	EndGlobalSection
EndGlobal
