
Microsoft Visual Studio Solution File, Format Version 12.00
# Visual Studio 2013
VisualStudioVersion = 12.0.31101.0
MinimumVisualStudioVersion = 10.0.40219.1
Project("{FAE04EC0-301F-11D3-BF4B-00C04F79EFBC}") = "P2ReverseString", "P1StringsInCSharp\P2ReverseString.csproj", "{E19F17A9-40FE-4FB7-9087-5815CA884480}"
EndProject
Project("{FAE04EC0-301F-11D3-BF4B-00C04F79EFBC}") = "P3CorrectBrackets", "P3CorrectBrackets\P3CorrectBrackets.csproj", "{089311C6-3129-44AC-951D-BB2AAAAB7AAC}"
EndProject
Project("{FAE04EC0-301F-11D3-BF4B-00C04F79EFBC}") = "P4SubStringInText", "P4SubStringInText\P4SubStringInText.csproj", "{80C7745D-C8AB-465B-8A6E-C9584C0E0B8A}"
EndProject
Project("{FAE04EC0-301F-11D3-BF4B-00C04F79EFBC}") = "P5ParseTags", "P5ParseTags\P5ParseTags.csproj", "{A238ACE7-560A-4D98-B1DB-E6BB6BFD6519}"
EndProject
Project("{FAE04EC0-301F-11D3-BF4B-00C04F79EFBC}") = "P6StringLength", "P6StringLength\P6StringLength.csproj", "{AFC3F158-7DB5-4757-AD0F-EA58778A9EA4}"
EndProject
Project("{FAE04EC0-301F-11D3-BF4B-00C04F79EFBC}") = "P7EncodeDecode", "P7EncodeDecode\P7EncodeDecode.csproj", "{F610AABE-5A40-46A9-A37F-5353584D49EC}"
EndProject
Project("{FAE04EC0-301F-11D3-BF4B-00C04F79EFBC}") = "P8ExtractSentences", "P8ExtractSentences\P8ExtractSentences.csproj", "{97CEC6F4-C7D9-4D00-8FF5-E7001D3C4FFD}"
EndProject
Project("{FAE04EC0-301F-11D3-BF4B-00C04F79EFBC}") = "P9ForbiddenWords", "P9ForbiddenWords\P9ForbiddenWords.csproj", "{84A9C677-3084-4BFA-9DBC-5B7C9963547C}"
EndProject
Project("{FAE04EC0-301F-11D3-BF4B-00C04F79EFBC}") = "P10UnicodeCharacters", "P10UnicodeCharacters\P10UnicodeCharacters.csproj", "{787C3EFF-708B-4B97-8058-4CB275A345FD}"
EndProject
Project("{FAE04EC0-301F-11D3-BF4B-00C04F79EFBC}") = "P11Format number", "P11Format number\P11Format number.csproj", "{B45558A7-F701-4E07-8FB8-01B27F989C61}"
EndProject
Project("{FAE04EC0-301F-11D3-BF4B-00C04F79EFBC}") = "P12ParseURL", "P12ParseURL\P12ParseURL.csproj", "{3A9F6D5D-BDDE-4C52-97BB-27979A405638}"
EndProject
Project("{FAE04EC0-301F-11D3-BF4B-00C04F79EFBC}") = "P13ReverseSentence", "P13ReverseSentence\P13ReverseSentence.csproj", "{52560796-E21E-4AED-A6C6-231E7F0ADFE7}"
EndProject
Project("{FAE04EC0-301F-11D3-BF4B-00C04F79EFBC}") = "P14WordDictionary", "P14WordDictionary\P14WordDictionary.csproj", "{7B1026DD-B3F1-460A-B213-5215DFD2985F}"
EndProject
Project("{FAE04EC0-301F-11D3-BF4B-00C04F79EFBC}") = "P15ReplaceTags", "P15ReplaceTags\P15ReplaceTags.csproj", "{A19324EA-602A-4A80-98DE-7FF8B8A22AF0}"
EndProject
Project("{FAE04EC0-301F-11D3-BF4B-00C04F79EFBC}") = "P16DateDifference", "P16DateDifference\P16DateDifference.csproj", "{D77F9A05-6A16-4BE2-AA1B-AFF5761D3899}"
EndProject
Project("{FAE04EC0-301F-11D3-BF4B-00C04F79EFBC}") = "P17DateInBulgarian", "P17DateInBulgarian\P17DateInBulgarian.csproj", "{C8C5BC25-FF0B-4798-8645-6DC45CF8A0A9}"
EndProject
Project("{FAE04EC0-301F-11D3-BF4B-00C04F79EFBC}") = "P18ExtractEmails", "P18ExtractEmails\P18ExtractEmails.csproj", "{3336EFDB-E9E0-439D-960A-473DF99BC897}"
EndProject
Project("{FAE04EC0-301F-11D3-BF4B-00C04F79EFBC}") = "P19DatesFromTextInCanada", "P19DatesFromTextInCanada\P19DatesFromTextInCanada.csproj", "{06465FFF-8F17-4C56-BF55-C1D12A56EE57}"
EndProject
Project("{FAE04EC0-301F-11D3-BF4B-00C04F79EFBC}") = "P20Palindromes", "P20Palindromes\P20Palindromes.csproj", "{853DF4F2-78AF-490B-8A16-8AB5977D8575}"
EndProject
Project("{FAE04EC0-301F-11D3-BF4B-00C04F79EFBC}") = "P21LettersCount", "P21LettersCount\P21LettersCount.csproj", "{7C1AD940-5D97-4EE2-9D9A-335D7264612C}"
EndProject
Project("{FAE04EC0-301F-11D3-BF4B-00C04F79EFBC}") = "P22WordsCount", "P22WordsCount\P22WordsCount.csproj", "{96CEC567-CFB8-4830-A3F5-343205DEF8A2}"
EndProject
Project("{FAE04EC0-301F-11D3-BF4B-00C04F79EFBC}") = "P23SeriesOfLetters", "P23SeriesOfLetters\P23SeriesOfLetters.csproj", "{38F57E94-2F78-4B9A-A7FC-E6723EEFF8FD}"
EndProject
Project("{FAE04EC0-301F-11D3-BF4B-00C04F79EFBC}") = "P24SeriesOfLetters", "P24SeriesOfLetters\P24SeriesOfLetters.csproj", "{8D0D803B-3AC9-42B2-84B6-86EBAFA8D080}"
EndProject
Project("{FAE04EC0-301F-11D3-BF4B-00C04F79EFBC}") = "P25ExtractTextFromHTML", "P25ExtractTextFromHTML\P25ExtractTextFromHTML.csproj", "{8A009A2B-750B-431E-992C-B3F9DAAB873C}"
EndProject
Global
	GlobalSection(SolutionConfigurationPlatforms) = preSolution
		Debug|Any CPU = Debug|Any CPU
		Release|Any CPU = Release|Any CPU
	EndGlobalSection
	GlobalSection(ProjectConfigurationPlatforms) = postSolution
		{E19F17A9-40FE-4FB7-9087-5815CA884480}.Debug|Any CPU.ActiveCfg = Debug|Any CPU
		{E19F17A9-40FE-4FB7-9087-5815CA884480}.Debug|Any CPU.Build.0 = Debug|Any CPU
		{E19F17A9-40FE-4FB7-9087-5815CA884480}.Release|Any CPU.ActiveCfg = Release|Any CPU
		{E19F17A9-40FE-4FB7-9087-5815CA884480}.Release|Any CPU.Build.0 = Release|Any CPU
		{089311C6-3129-44AC-951D-BB2AAAAB7AAC}.Debug|Any CPU.ActiveCfg = Debug|Any CPU
		{089311C6-3129-44AC-951D-BB2AAAAB7AAC}.Debug|Any CPU.Build.0 = Debug|Any CPU
		{089311C6-3129-44AC-951D-BB2AAAAB7AAC}.Release|Any CPU.ActiveCfg = Release|Any CPU
		{089311C6-3129-44AC-951D-BB2AAAAB7AAC}.Release|Any CPU.Build.0 = Release|Any CPU
		{80C7745D-C8AB-465B-8A6E-C9584C0E0B8A}.Debug|Any CPU.ActiveCfg = Debug|Any CPU
		{80C7745D-C8AB-465B-8A6E-C9584C0E0B8A}.Debug|Any CPU.Build.0 = Debug|Any CPU
		{80C7745D-C8AB-465B-8A6E-C9584C0E0B8A}.Release|Any CPU.ActiveCfg = Release|Any CPU
		{80C7745D-C8AB-465B-8A6E-C9584C0E0B8A}.Release|Any CPU.Build.0 = Release|Any CPU
		{A238ACE7-560A-4D98-B1DB-E6BB6BFD6519}.Debug|Any CPU.ActiveCfg = Debug|Any CPU
		{A238ACE7-560A-4D98-B1DB-E6BB6BFD6519}.Debug|Any CPU.Build.0 = Debug|Any CPU
		{A238ACE7-560A-4D98-B1DB-E6BB6BFD6519}.Release|Any CPU.ActiveCfg = Release|Any CPU
		{A238ACE7-560A-4D98-B1DB-E6BB6BFD6519}.Release|Any CPU.Build.0 = Release|Any CPU
		{AFC3F158-7DB5-4757-AD0F-EA58778A9EA4}.Debug|Any CPU.ActiveCfg = Debug|Any CPU
		{AFC3F158-7DB5-4757-AD0F-EA58778A9EA4}.Debug|Any CPU.Build.0 = Debug|Any CPU
		{AFC3F158-7DB5-4757-AD0F-EA58778A9EA4}.Release|Any CPU.ActiveCfg = Release|Any CPU
		{AFC3F158-7DB5-4757-AD0F-EA58778A9EA4}.Release|Any CPU.Build.0 = Release|Any CPU
		{F610AABE-5A40-46A9-A37F-5353584D49EC}.Debug|Any CPU.ActiveCfg = Debug|Any CPU
		{F610AABE-5A40-46A9-A37F-5353584D49EC}.Debug|Any CPU.Build.0 = Debug|Any CPU
		{F610AABE-5A40-46A9-A37F-5353584D49EC}.Release|Any CPU.ActiveCfg = Release|Any CPU
		{F610AABE-5A40-46A9-A37F-5353584D49EC}.Release|Any CPU.Build.0 = Release|Any CPU
		{97CEC6F4-C7D9-4D00-8FF5-E7001D3C4FFD}.Debug|Any CPU.ActiveCfg = Debug|Any CPU
		{97CEC6F4-C7D9-4D00-8FF5-E7001D3C4FFD}.Debug|Any CPU.Build.0 = Debug|Any CPU
		{97CEC6F4-C7D9-4D00-8FF5-E7001D3C4FFD}.Release|Any CPU.ActiveCfg = Release|Any CPU
		{97CEC6F4-C7D9-4D00-8FF5-E7001D3C4FFD}.Release|Any CPU.Build.0 = Release|Any CPU
		{84A9C677-3084-4BFA-9DBC-5B7C9963547C}.Debug|Any CPU.ActiveCfg = Debug|Any CPU
		{84A9C677-3084-4BFA-9DBC-5B7C9963547C}.Debug|Any CPU.Build.0 = Debug|Any CPU
		{84A9C677-3084-4BFA-9DBC-5B7C9963547C}.Release|Any CPU.ActiveCfg = Release|Any CPU
		{84A9C677-3084-4BFA-9DBC-5B7C9963547C}.Release|Any CPU.Build.0 = Release|Any CPU
		{787C3EFF-708B-4B97-8058-4CB275A345FD}.Debug|Any CPU.ActiveCfg = Debug|Any CPU
		{787C3EFF-708B-4B97-8058-4CB275A345FD}.Debug|Any CPU.Build.0 = Debug|Any CPU
		{787C3EFF-708B-4B97-8058-4CB275A345FD}.Release|Any CPU.ActiveCfg = Release|Any CPU
		{787C3EFF-708B-4B97-8058-4CB275A345FD}.Release|Any CPU.Build.0 = Release|Any CPU
		{B45558A7-F701-4E07-8FB8-01B27F989C61}.Debug|Any CPU.ActiveCfg = Debug|Any CPU
		{B45558A7-F701-4E07-8FB8-01B27F989C61}.Debug|Any CPU.Build.0 = Debug|Any CPU
		{B45558A7-F701-4E07-8FB8-01B27F989C61}.Release|Any CPU.ActiveCfg = Release|Any CPU
		{B45558A7-F701-4E07-8FB8-01B27F989C61}.Release|Any CPU.Build.0 = Release|Any CPU
		{3A9F6D5D-BDDE-4C52-97BB-27979A405638}.Debug|Any CPU.ActiveCfg = Debug|Any CPU
		{3A9F6D5D-BDDE-4C52-97BB-27979A405638}.Debug|Any CPU.Build.0 = Debug|Any CPU
		{3A9F6D5D-BDDE-4C52-97BB-27979A405638}.Release|Any CPU.ActiveCfg = Release|Any CPU
		{3A9F6D5D-BDDE-4C52-97BB-27979A405638}.Release|Any CPU.Build.0 = Release|Any CPU
		{52560796-E21E-4AED-A6C6-231E7F0ADFE7}.Debug|Any CPU.ActiveCfg = Debug|Any CPU
		{52560796-E21E-4AED-A6C6-231E7F0ADFE7}.Debug|Any CPU.Build.0 = Debug|Any CPU
		{52560796-E21E-4AED-A6C6-231E7F0ADFE7}.Release|Any CPU.ActiveCfg = Release|Any CPU
		{52560796-E21E-4AED-A6C6-231E7F0ADFE7}.Release|Any CPU.Build.0 = Release|Any CPU
		{7B1026DD-B3F1-460A-B213-5215DFD2985F}.Debug|Any CPU.ActiveCfg = Debug|Any CPU
		{7B1026DD-B3F1-460A-B213-5215DFD2985F}.Debug|Any CPU.Build.0 = Debug|Any CPU
		{7B1026DD-B3F1-460A-B213-5215DFD2985F}.Release|Any CPU.ActiveCfg = Release|Any CPU
		{7B1026DD-B3F1-460A-B213-5215DFD2985F}.Release|Any CPU.Build.0 = Release|Any CPU
		{A19324EA-602A-4A80-98DE-7FF8B8A22AF0}.Debug|Any CPU.ActiveCfg = Debug|Any CPU
		{A19324EA-602A-4A80-98DE-7FF8B8A22AF0}.Debug|Any CPU.Build.0 = Debug|Any CPU
		{A19324EA-602A-4A80-98DE-7FF8B8A22AF0}.Release|Any CPU.ActiveCfg = Release|Any CPU
		{A19324EA-602A-4A80-98DE-7FF8B8A22AF0}.Release|Any CPU.Build.0 = Release|Any CPU
		{D77F9A05-6A16-4BE2-AA1B-AFF5761D3899}.Debug|Any CPU.ActiveCfg = Debug|Any CPU
		{D77F9A05-6A16-4BE2-AA1B-AFF5761D3899}.Debug|Any CPU.Build.0 = Debug|Any CPU
		{D77F9A05-6A16-4BE2-AA1B-AFF5761D3899}.Release|Any CPU.ActiveCfg = Release|Any CPU
		{D77F9A05-6A16-4BE2-AA1B-AFF5761D3899}.Release|Any CPU.Build.0 = Release|Any CPU
		{C8C5BC25-FF0B-4798-8645-6DC45CF8A0A9}.Debug|Any CPU.ActiveCfg = Debug|Any CPU
		{C8C5BC25-FF0B-4798-8645-6DC45CF8A0A9}.Debug|Any CPU.Build.0 = Debug|Any CPU
		{C8C5BC25-FF0B-4798-8645-6DC45CF8A0A9}.Release|Any CPU.ActiveCfg = Release|Any CPU
		{C8C5BC25-FF0B-4798-8645-6DC45CF8A0A9}.Release|Any CPU.Build.0 = Release|Any CPU
		{3336EFDB-E9E0-439D-960A-473DF99BC897}.Debug|Any CPU.ActiveCfg = Debug|Any CPU
		{3336EFDB-E9E0-439D-960A-473DF99BC897}.Debug|Any CPU.Build.0 = Debug|Any CPU
		{3336EFDB-E9E0-439D-960A-473DF99BC897}.Release|Any CPU.ActiveCfg = Release|Any CPU
		{3336EFDB-E9E0-439D-960A-473DF99BC897}.Release|Any CPU.Build.0 = Release|Any CPU
		{06465FFF-8F17-4C56-BF55-C1D12A56EE57}.Debug|Any CPU.ActiveCfg = Debug|Any CPU
		{06465FFF-8F17-4C56-BF55-C1D12A56EE57}.Debug|Any CPU.Build.0 = Debug|Any CPU
		{06465FFF-8F17-4C56-BF55-C1D12A56EE57}.Release|Any CPU.ActiveCfg = Release|Any CPU
		{06465FFF-8F17-4C56-BF55-C1D12A56EE57}.Release|Any CPU.Build.0 = Release|Any CPU
		{853DF4F2-78AF-490B-8A16-8AB5977D8575}.Debug|Any CPU.ActiveCfg = Debug|Any CPU
		{853DF4F2-78AF-490B-8A16-8AB5977D8575}.Debug|Any CPU.Build.0 = Debug|Any CPU
		{853DF4F2-78AF-490B-8A16-8AB5977D8575}.Release|Any CPU.ActiveCfg = Release|Any CPU
		{853DF4F2-78AF-490B-8A16-8AB5977D8575}.Release|Any CPU.Build.0 = Release|Any CPU
		{7C1AD940-5D97-4EE2-9D9A-335D7264612C}.Debug|Any CPU.ActiveCfg = Debug|Any CPU
		{7C1AD940-5D97-4EE2-9D9A-335D7264612C}.Debug|Any CPU.Build.0 = Debug|Any CPU
		{7C1AD940-5D97-4EE2-9D9A-335D7264612C}.Release|Any CPU.ActiveCfg = Release|Any CPU
		{7C1AD940-5D97-4EE2-9D9A-335D7264612C}.Release|Any CPU.Build.0 = Release|Any CPU
		{96CEC567-CFB8-4830-A3F5-343205DEF8A2}.Debug|Any CPU.ActiveCfg = Debug|Any CPU
		{96CEC567-CFB8-4830-A3F5-343205DEF8A2}.Debug|Any CPU.Build.0 = Debug|Any CPU
		{96CEC567-CFB8-4830-A3F5-343205DEF8A2}.Release|Any CPU.ActiveCfg = Release|Any CPU
		{96CEC567-CFB8-4830-A3F5-343205DEF8A2}.Release|Any CPU.Build.0 = Release|Any CPU
		{38F57E94-2F78-4B9A-A7FC-E6723EEFF8FD}.Debug|Any CPU.ActiveCfg = Debug|Any CPU
		{38F57E94-2F78-4B9A-A7FC-E6723EEFF8FD}.Debug|Any CPU.Build.0 = Debug|Any CPU
		{38F57E94-2F78-4B9A-A7FC-E6723EEFF8FD}.Release|Any CPU.ActiveCfg = Release|Any CPU
		{38F57E94-2F78-4B9A-A7FC-E6723EEFF8FD}.Release|Any CPU.Build.0 = Release|Any CPU
		{8D0D803B-3AC9-42B2-84B6-86EBAFA8D080}.Debug|Any CPU.ActiveCfg = Debug|Any CPU
		{8D0D803B-3AC9-42B2-84B6-86EBAFA8D080}.Debug|Any CPU.Build.0 = Debug|Any CPU
		{8D0D803B-3AC9-42B2-84B6-86EBAFA8D080}.Release|Any CPU.ActiveCfg = Release|Any CPU
		{8D0D803B-3AC9-42B2-84B6-86EBAFA8D080}.Release|Any CPU.Build.0 = Release|Any CPU
		{8A009A2B-750B-431E-992C-B3F9DAAB873C}.Debug|Any CPU.ActiveCfg = Debug|Any CPU
		{8A009A2B-750B-431E-992C-B3F9DAAB873C}.Debug|Any CPU.Build.0 = Debug|Any CPU
		{8A009A2B-750B-431E-992C-B3F9DAAB873C}.Release|Any CPU.ActiveCfg = Release|Any CPU
		{8A009A2B-750B-431E-992C-B3F9DAAB873C}.Release|Any CPU.Build.0 = Release|Any CPU
	EndGlobalSection
	GlobalSection(SolutionProperties) = preSolution
		HideSolutionNode = FALSE
	EndGlobalSection
EndGlobal
